
Microsoft Visual Studio Solution File, Format Version 12.00
# Visual Studio Version 17
VisualStudioVersion = 17.1.32421.90
MinimumVisualStudioVersion = 10.0.40219.1
Project("{FAE04EC0-301F-11D3-BF4B-00C04F79EFBC}") = "MyXMLParser", "MyXMLParser\MyXMLParser.csproj", "{2A7B836E-027A-4685-8A0C-63D86956A078}"
EndProject
Global
	GlobalSection(SolutionConfigurationPlatforms) = preSolution
		Debug|Any CPU = Debug|Any CPU
		Release|Any CPU = Release|Any CPU
	EndGlobalSection
	GlobalSection(ProjectConfigurationPlatforms) = postSolution
		{2A7B836E-027A-4685-8A0C-63D86956A078}.Debug|Any CPU.ActiveCfg = Debug|Any CPU
		{2A7B836E-027A-4685-8A0C-63D86956A078}.Debug|Any CPU.Build.0 = Debug|Any CPU
		{2A7B836E-027A-4685-8A0C-63D86956A078}.Release|Any CPU.ActiveCfg = Release|Any CPU
		{2A7B836E-027A-4685-8A0C-63D86956A078}.Release|Any CPU.Build.0 = Release|Any CPU
	EndGlobalSection
	GlobalSection(SolutionProperties) = preSolution
		HideSolutionNode = FALSE
	EndGlobalSection
	GlobalSection(ExtensibilityGlobals) = postSolution
		SolutionGuid = {06B3A3A3-3104-4AD1-9BA6-CD5861083AF8}
	EndGlobalSection
EndGlobal
